// !$*UTF8*$!
{
	archiveVersion = 1;
	classes = {
	};
	objectVersion = 46;
	objects = {

/* Begin PBXBuildFile section */
		8C8787C9156A27250028FBF0 /* Default@2x.png in Resources */ = {isa = PBXBuildFile; fileRef = 8C8787C6156A25890028FBF0 /* Default@2x.png */; };
		8C92585E156A1F5400E2B635 /* UIKit.framework in Frameworks */ = {isa = PBXBuildFile; fileRef = 8C92585D156A1F5400E2B635 /* UIKit.framework */; };
		8C925860156A1F5400E2B635 /* Foundation.framework in Frameworks */ = {isa = PBXBuildFile; fileRef = 8C92585F156A1F5400E2B635 /* Foundation.framework */; };
		8C925862156A1F5400E2B635 /* CoreGraphics.framework in Frameworks */ = {isa = PBXBuildFile; fileRef = 8C925861156A1F5400E2B635 /* CoreGraphics.framework */; };
		8C925868156A1F5400E2B635 /* InfoPlist.strings in Resources */ = {isa = PBXBuildFile; fileRef = 8C925866156A1F5400E2B635 /* InfoPlist.strings */; };
		8C92586A156A1F5500E2B635 /* main.m in Sources */ = {isa = PBXBuildFile; fileRef = 8C925869156A1F5400E2B635 /* main.m */; };
		8C92586E156A1F5500E2B635 /* AppDelegate.m in Sources */ = {isa = PBXBuildFile; fileRef = 8C92586D156A1F5500E2B635 /* AppDelegate.m */; };
		8C92A296156A2B6F00121BA6 /* BabbleSphereTM.png in Resources */ = {isa = PBXBuildFile; fileRef = 8C92A295156A2B6F00121BA6 /* BabbleSphereTM.png */; };
		8C92A2A0156A339F00121BA6 /* SignUpViewController.m in Sources */ = {isa = PBXBuildFile; fileRef = 8C92A29E156A339F00121BA6 /* SignUpViewController.m */; };
		8C92A2A1156A339F00121BA6 /* SignUpViewController.xib in Resources */ = {isa = PBXBuildFile; fileRef = 8C92A29F156A339F00121BA6 /* SignUpViewController.xib */; };
		8C92A2A5156A341E00121BA6 /* LogInViewController.m in Sources */ = {isa = PBXBuildFile; fileRef = 8C92A2A3156A341E00121BA6 /* LogInViewController.m */; };
		8C92A2A6156A341E00121BA6 /* LogInViewController.xib in Resources */ = {isa = PBXBuildFile; fileRef = 8C92A2A4156A341E00121BA6 /* LogInViewController.xib */; };
		8C92A2AA156A3B3500121BA6 /* TermsAndConditionsViewController.m in Sources */ = {isa = PBXBuildFile; fileRef = 8C92A2A8156A3B3500121BA6 /* TermsAndConditionsViewController.m */; };
		8C92A2AB156A3B3500121BA6 /* TermsAndConditionsViewController.xib in Resources */ = {isa = PBXBuildFile; fileRef = 8C92A2A9156A3B3500121BA6 /* TermsAndConditionsViewController.xib */; };
		8C92A2AF156A3B5300121BA6 /* PrivacyPolicyViewController.m in Sources */ = {isa = PBXBuildFile; fileRef = 8C92A2AD156A3B5200121BA6 /* PrivacyPolicyViewController.m */; };
		8C92A2B0156A3B5300121BA6 /* PrivacyPolicyViewController.xib in Resources */ = {isa = PBXBuildFile; fileRef = 8C92A2AE156A3B5300121BA6 /* PrivacyPolicyViewController.xib */; };
		8C92A2B4156A3F4600121BA6 /* HomeViewController.m in Sources */ = {isa = PBXBuildFile; fileRef = 8C92A2B2156A3F4600121BA6 /* HomeViewController.m */; };
		8C92A2B5156A3F4600121BA6 /* HomeViewController.xib in Resources */ = {isa = PBXBuildFile; fileRef = 8C92A2B3156A3F4600121BA6 /* HomeViewController.xib */; };
		8C92A2BB156A3F9600121BA6 /* API.m in Sources */ = {isa = PBXBuildFile; fileRef = 8C92A2BA156A3F9600121BA6 /* API.m */; };
/* End PBXBuildFile section */

/* Begin PBXFileReference section */
		8C8787C6156A25890028FBF0 /* Default@2x.png */ = {isa = PBXFileReference; lastKnownFileType = image.png; path = "Default@2x.png"; sourceTree = "<group>"; };
		8C925859156A1F5400E2B635 /* BabbleSphere.app */ = {isa = PBXFileReference; explicitFileType = wrapper.application; includeInIndex = 0; path = BabbleSphere.app; sourceTree = BUILT_PRODUCTS_DIR; };
		8C92585D156A1F5400E2B635 /* UIKit.framework */ = {isa = PBXFileReference; lastKnownFileType = wrapper.framework; name = UIKit.framework; path = System/Library/Frameworks/UIKit.framework; sourceTree = SDKROOT; };
		8C92585F156A1F5400E2B635 /* Foundation.framework */ = {isa = PBXFileReference; lastKnownFileType = wrapper.framework; name = Foundation.framework; path = System/Library/Frameworks/Foundation.framework; sourceTree = SDKROOT; };
		8C925861156A1F5400E2B635 /* CoreGraphics.framework */ = {isa = PBXFileReference; lastKnownFileType = wrapper.framework; name = CoreGraphics.framework; path = System/Library/Frameworks/CoreGraphics.framework; sourceTree = SDKROOT; };
		8C925865156A1F5400E2B635 /* BabbleSphere-Info.plist */ = {isa = PBXFileReference; lastKnownFileType = text.plist.xml; path = "BabbleSphere-Info.plist"; sourceTree = "<group>"; };
		8C925867156A1F5400E2B635 /* en */ = {isa = PBXFileReference; lastKnownFileType = text.plist.strings; name = en; path = en.lproj/InfoPlist.strings; sourceTree = "<group>"; };
		8C925869156A1F5400E2B635 /* main.m */ = {isa = PBXFileReference; lastKnownFileType = sourcecode.c.objc; path = main.m; sourceTree = "<group>"; };
		8C92586B156A1F5500E2B635 /* BabbleSphere-Prefix.pch */ = {isa = PBXFileReference; lastKnownFileType = sourcecode.c.h; path = "BabbleSphere-Prefix.pch"; sourceTree = "<group>"; };
		8C92586C156A1F5500E2B635 /* AppDelegate.h */ = {isa = PBXFileReference; lastKnownFileType = sourcecode.c.h; path = AppDelegate.h; sourceTree = "<group>"; };
		8C92586D156A1F5500E2B635 /* AppDelegate.m */ = {isa = PBXFileReference; lastKnownFileType = sourcecode.c.objc; path = AppDelegate.m; sourceTree = "<group>"; };
		8C92A295156A2B6F00121BA6 /* BabbleSphereTM.png */ = {isa = PBXFileReference; lastKnownFileType = image.png; path = BabbleSphereTM.png; sourceTree = "<group>"; };
		8C92A29C156A31EE00121BA6 /* Common.h */ = {isa = PBXFileReference; fileEncoding = 4; lastKnownFileType = sourcecode.c.h; path = Common.h; sourceTree = "<group>"; };
		8C92A29D156A339F00121BA6 /* SignUpViewController.h */ = {isa = PBXFileReference; fileEncoding = 4; lastKnownFileType = sourcecode.c.h; path = SignUpViewController.h; sourceTree = "<group>"; };
		8C92A29E156A339F00121BA6 /* SignUpViewController.m */ = {isa = PBXFileReference; fileEncoding = 4; lastKnownFileType = sourcecode.c.objc; path = SignUpViewController.m; sourceTree = "<group>"; };
		8C92A29F156A339F00121BA6 /* SignUpViewController.xib */ = {isa = PBXFileReference; fileEncoding = 4; lastKnownFileType = file.xib; path = SignUpViewController.xib; sourceTree = "<group>"; };
		8C92A2A2156A341E00121BA6 /* LogInViewController.h */ = {isa = PBXFileReference; fileEncoding = 4; lastKnownFileType = sourcecode.c.h; path = LogInViewController.h; sourceTree = "<group>"; };
		8C92A2A3156A341E00121BA6 /* LogInViewController.m */ = {isa = PBXFileReference; fileEncoding = 4; lastKnownFileType = sourcecode.c.objc; path = LogInViewController.m; sourceTree = "<group>"; };
		8C92A2A4156A341E00121BA6 /* LogInViewController.xib */ = {isa = PBXFileReference; fileEncoding = 4; lastKnownFileType = file.xib; path = LogInViewController.xib; sourceTree = "<group>"; };
		8C92A2A7156A3B3500121BA6 /* TermsAndConditionsViewController.h */ = {isa = PBXFileReference; fileEncoding = 4; lastKnownFileType = sourcecode.c.h; path = TermsAndConditionsViewController.h; sourceTree = "<group>"; };
		8C92A2A8156A3B3500121BA6 /* TermsAndConditionsViewController.m */ = {isa = PBXFileReference; fileEncoding = 4; lastKnownFileType = sourcecode.c.objc; path = TermsAndConditionsViewController.m; sourceTree = "<group>"; };
		8C92A2A9156A3B3500121BA6 /* TermsAndConditionsViewController.xib */ = {isa = PBXFileReference; fileEncoding = 4; lastKnownFileType = file.xib; path = TermsAndConditionsViewController.xib; sourceTree = "<group>"; };
		8C92A2AC156A3B5200121BA6 /* PrivacyPolicyViewController.h */ = {isa = PBXFileReference; fileEncoding = 4; lastKnownFileType = sourcecode.c.h; path = PrivacyPolicyViewController.h; sourceTree = "<group>"; };
		8C92A2AD156A3B5200121BA6 /* PrivacyPolicyViewController.m */ = {isa = PBXFileReference; fileEncoding = 4; lastKnownFileType = sourcecode.c.objc; path = PrivacyPolicyViewController.m; sourceTree = "<group>"; };
		8C92A2AE156A3B5300121BA6 /* PrivacyPolicyViewController.xib */ = {isa = PBXFileReference; fileEncoding = 4; lastKnownFileType = file.xib; path = PrivacyPolicyViewController.xib; sourceTree = "<group>"; };
		8C92A2B1156A3F4500121BA6 /* HomeViewController.h */ = {isa = PBXFileReference; fileEncoding = 4; lastKnownFileType = sourcecode.c.h; path = HomeViewController.h; sourceTree = "<group>"; };
		8C92A2B2156A3F4600121BA6 /* HomeViewController.m */ = {isa = PBXFileReference; fileEncoding = 4; lastKnownFileType = sourcecode.c.objc; path = HomeViewController.m; sourceTree = "<group>"; };
		8C92A2B3156A3F4600121BA6 /* HomeViewController.xib */ = {isa = PBXFileReference; fileEncoding = 4; lastKnownFileType = file.xib; path = HomeViewController.xib; sourceTree = "<group>"; };
		8C92A2B9156A3F9500121BA6 /* API.h */ = {isa = PBXFileReference; fileEncoding = 4; lastKnownFileType = sourcecode.c.h; path = API.h; sourceTree = "<group>"; };
		8C92A2BA156A3F9600121BA6 /* API.m */ = {isa = PBXFileReference; fileEncoding = 4; lastKnownFileType = sourcecode.c.objc; path = API.m; sourceTree = "<group>"; };
/* End PBXFileReference section */

/* Begin PBXFrameworksBuildPhase section */
		8C925856156A1F5400E2B635 /* Frameworks */ = {
			isa = PBXFrameworksBuildPhase;
			buildActionMask = 2147483647;
			files = (
				8C92585E156A1F5400E2B635 /* UIKit.framework in Frameworks */,
				8C925860156A1F5400E2B635 /* Foundation.framework in Frameworks */,
				8C925862156A1F5400E2B635 /* CoreGraphics.framework in Frameworks */,
			);
			runOnlyForDeploymentPostprocessing = 0;
		};
/* End PBXFrameworksBuildPhase section */

/* Begin PBXGroup section */
		8C92584E156A1F5400E2B635 = {
			isa = PBXGroup;
			children = (
				8C92A295156A2B6F00121BA6 /* BabbleSphereTM.png */,
				8C8787C6156A25890028FBF0 /* Default@2x.png */,
				8C925863156A1F5400E2B635 /* BabbleSphere */,
				8C92585C156A1F5400E2B635 /* Frameworks */,
				8C92585A156A1F5400E2B635 /* Products */,
			);
			sourceTree = "<group>";
		};
		8C92585A156A1F5400E2B635 /* Products */ = {
			isa = PBXGroup;
			children = (
				8C925859156A1F5400E2B635 /* BabbleSphere.app */,
			);
			name = Products;
			sourceTree = "<group>";
		};
		8C92585C156A1F5400E2B635 /* Frameworks */ = {
			isa = PBXGroup;
			children = (
				8C92585D156A1F5400E2B635 /* UIKit.framework */,
				8C92585F156A1F5400E2B635 /* Foundation.framework */,
				8C925861156A1F5400E2B635 /* CoreGraphics.framework */,
			);
			name = Frameworks;
			sourceTree = "<group>";
		};
		8C925863156A1F5400E2B635 /* BabbleSphere */ = {
			isa = PBXGroup;
			children = (
				8C92586C156A1F5500E2B635 /* AppDelegate.h */,
				8C92586D156A1F5500E2B635 /* AppDelegate.m */,
				8C925864156A1F5400E2B635 /* Supporting Files */,
				8C92A29C156A31EE00121BA6 /* Common.h */,
				8C92A2B9156A3F9500121BA6 /* API.h */,
				8C92A2BA156A3F9600121BA6 /* API.m */,
				8C92A2A2156A341E00121BA6 /* LogInViewController.h */,
				8C92A2A3156A341E00121BA6 /* LogInViewController.m */,
				8C92A2A4156A341E00121BA6 /* LogInViewController.xib */,
				8C92A29D156A339F00121BA6 /* SignUpViewController.h */,
				8C92A29E156A339F00121BA6 /* SignUpViewController.m */,
				8C92A29F156A339F00121BA6 /* SignUpViewController.xib */,
				8C92A2A7156A3B3500121BA6 /* TermsAndConditionsViewController.h */,
				8C92A2A8156A3B3500121BA6 /* TermsAndConditionsViewController.m */,
				8C92A2A9156A3B3500121BA6 /* TermsAndConditionsViewController.xib */,
				8C92A2AC156A3B5200121BA6 /* PrivacyPolicyViewController.h */,
				8C92A2AD156A3B5200121BA6 /* PrivacyPolicyViewController.m */,
				8C92A2AE156A3B5300121BA6 /* PrivacyPolicyViewController.xib */,
				8C92A2B1156A3F4500121BA6 /* HomeViewController.h */,
				8C92A2B2156A3F4600121BA6 /* HomeViewController.m */,
				8C92A2B3156A3F4600121BA6 /* HomeViewController.xib */,
			);
			path = BabbleSphere;
			sourceTree = "<group>";
		};
		8C925864156A1F5400E2B635 /* Supporting Files */ = {
			isa = PBXGroup;
			children = (
				8C925865156A1F5400E2B635 /* BabbleSphere-Info.plist */,
				8C925866156A1F5400E2B635 /* InfoPlist.strings */,
				8C925869156A1F5400E2B635 /* main.m */,
				8C92586B156A1F5500E2B635 /* BabbleSphere-Prefix.pch */,
			);
			name = "Supporting Files";
			sourceTree = "<group>";
		};
/* End PBXGroup section */

/* Begin PBXNativeTarget section */
		8C925858156A1F5400E2B635 /* BabbleSphere */ = {
			isa = PBXNativeTarget;
			buildConfigurationList = 8C925871156A1F5500E2B635 /* Build configuration list for PBXNativeTarget "BabbleSphere" */;
			buildPhases = (
				8C925855156A1F5400E2B635 /* Sources */,
				8C925856156A1F5400E2B635 /* Frameworks */,
				8C925857156A1F5400E2B635 /* Resources */,
			);
			buildRules = (
			);
			dependencies = (
			);
			name = BabbleSphere;
			productName = BabbleSphere;
			productReference = 8C925859156A1F5400E2B635 /* BabbleSphere.app */;
			productType = "com.apple.product-type.application";
		};
/* End PBXNativeTarget section */

/* Begin PBXProject section */
		8C925850156A1F5400E2B635 /* Project object */ = {
			isa = PBXProject;
			attributes = {
				LastUpgradeCheck = 0420;
				ORGANIZATIONNAME = "SETA:CINQ Vietnam., Ltd";
			};
			buildConfigurationList = 8C925853156A1F5400E2B635 /* Build configuration list for PBXProject "BabbleSphere" */;
			compatibilityVersion = "Xcode 3.2";
			developmentRegion = English;
			hasScannedForEncodings = 0;
			knownRegions = (
				en,
			);
			mainGroup = 8C92584E156A1F5400E2B635;
			productRefGroup = 8C92585A156A1F5400E2B635 /* Products */;
			projectDirPath = "";
			projectRoot = "";
			targets = (
				8C925858156A1F5400E2B635 /* BabbleSphere */,
			);
		};
/* End PBXProject section */

/* Begin PBXResourcesBuildPhase section */
		8C925857156A1F5400E2B635 /* Resources */ = {
			isa = PBXResourcesBuildPhase;
			buildActionMask = 2147483647;
			files = (
				8C925868156A1F5400E2B635 /* InfoPlist.strings in Resources */,
				8C8787C9156A27250028FBF0 /* Default@2x.png in Resources */,
				8C92A296156A2B6F00121BA6 /* BabbleSphereTM.png in Resources */,
				8C92A2A1156A339F00121BA6 /* SignUpViewController.xib in Resources */,
				8C92A2A6156A341E00121BA6 /* LogInViewController.xib in Resources */,
				8C92A2AB156A3B3500121BA6 /* TermsAndConditionsViewController.xib in Resources */,
				8C92A2B0156A3B5300121BA6 /* PrivacyPolicyViewController.xib in Resources */,
				8C92A2B5156A3F4600121BA6 /* HomeViewController.xib in Resources */,
			);
			runOnlyForDeploymentPostprocessing = 0;
		};
/* End PBXResourcesBuildPhase section */

/* Begin PBXSourcesBuildPhase section */
		8C925855156A1F5400E2B635 /* Sources */ = {
			isa = PBXSourcesBuildPhase;
			buildActionMask = 2147483647;
			files = (
				8C92586A156A1F5500E2B635 /* main.m in Sources */,
				8C92586E156A1F5500E2B635 /* AppDelegate.m in Sources */,
				8C92A2A0156A339F00121BA6 /* SignUpViewController.m in Sources */,
				8C92A2A5156A341E00121BA6 /* LogInViewController.m in Sources */,
				8C92A2AA156A3B3500121BA6 /* TermsAndConditionsViewController.m in Sources */,
				8C92A2AF156A3B5300121BA6 /* PrivacyPolicyViewController.m in Sources */,
				8C92A2B4156A3F4600121BA6 /* HomeViewController.m in Sources */,
				8C92A2BB156A3F9600121BA6 /* API.m in Sources */,
			);
			runOnlyForDeploymentPostprocessing = 0;
		};
/* End PBXSourcesBuildPhase section */

/* Begin PBXVariantGroup section */
		8C925866156A1F5400E2B635 /* InfoPlist.strings */ = {
			isa = PBXVariantGroup;
			children = (
				8C925867156A1F5400E2B635 /* en */,
			);
			name = InfoPlist.strings;
			sourceTree = "<group>";
		};
/* End PBXVariantGroup section */

/* Begin XCBuildConfiguration section */
		8C92586F156A1F5500E2B635 /* Debug */ = {
			isa = XCBuildConfiguration;
			buildSettings = {
				ALWAYS_SEARCH_USER_PATHS = NO;
				ARCHS = "$(ARCHS_STANDARD_32_BIT)";
				"CODE_SIGN_IDENTITY[sdk=iphoneos*]" = "iPhone Developer";
				COPY_PHASE_STRIP = NO;
				GCC_C_LANGUAGE_STANDARD = gnu99;
				GCC_DYNAMIC_NO_PIC = NO;
				GCC_OPTIMIZATION_LEVEL = 0;
				GCC_PREPROCESSOR_DEFINITIONS = (
					"DEBUG=1",
					"$(inherited)",
				);
				GCC_SYMBOLS_PRIVATE_EXTERN = NO;
				GCC_VERSION = com.apple.compilers.llvm.clang.1_0;
				GCC_WARN_ABOUT_MISSING_PROTOTYPES = YES;
				GCC_WARN_ABOUT_RETURN_TYPE = YES;
				GCC_WARN_UNUSED_VARIABLE = YES;
				IPHONEOS_DEPLOYMENT_TARGET = 3.2;
				SDKROOT = iphoneos;
			};
			name = Debug;
		};
		8C925870156A1F5500E2B635 /* Release */ = {
			isa = XCBuildConfiguration;
			buildSettings = {
				ALWAYS_SEARCH_USER_PATHS = NO;
				ARCHS = "$(ARCHS_STANDARD_32_BIT)";
				"CODE_SIGN_IDENTITY[sdk=iphoneos*]" = "iPhone Developer";
				COPY_PHASE_STRIP = YES;
				GCC_C_LANGUAGE_STANDARD = gnu99;
				GCC_VERSION = com.apple.compilers.llvm.clang.1_0;
				GCC_WARN_ABOUT_MISSING_PROTOTYPES = YES;
				GCC_WARN_ABOUT_RETURN_TYPE = YES;
				GCC_WARN_UNUSED_VARIABLE = YES;
				IPHONEOS_DEPLOYMENT_TARGET = 3.2;
				OTHER_CFLAGS = "-DNS_BLOCK_ASSERTIONS=1";
				SDKROOT = iphoneos;
				VALIDATE_PRODUCT = YES;
			};
			name = Release;
		};
		8C925872156A1F5500E2B635 /* Debug */ = {
			isa = XCBuildConfiguration;
			buildSettings = {
				GCC_PRECOMPILE_PREFIX_HEADER = YES;
				GCC_PREFIX_HEADER = "BabbleSphere/BabbleSphere-Prefix.pch";
				INFOPLIST_FILE = "BabbleSphere/BabbleSphere-Info.plist";
				IPHONEOS_DEPLOYMENT_TARGET = 3.2;
				PRODUCT_NAME = "$(TARGET_NAME)";
				WRAPPER_EXTENSION = app;
			};
			name = Debug;
		};
		8C925873156A1F5500E2B635 /* Release */ = {
			isa = XCBuildConfiguration;
			buildSettings = {
				GCC_PRECOMPILE_PREFIX_HEADER = YES;
				GCC_PREFIX_HEADER = "BabbleSphere/BabbleSphere-Prefix.pch";
				INFOPLIST_FILE = "BabbleSphere/BabbleSphere-Info.plist";
				IPHONEOS_DEPLOYMENT_TARGET = 3.2;
				PRODUCT_NAME = "$(TARGET_NAME)";
				WRAPPER_EXTENSION = app;
			};
			name = Release;
		};
/* End XCBuildConfiguration section */

/* Begin XCConfigurationList section */
		8C925853156A1F5400E2B635 /* Build configuration list for PBXProject "BabbleSphere" */ = {
			isa = XCConfigurationList;
			buildConfigurations = (
				8C92586F156A1F5500E2B635 /* Debug */,
				8C925870156A1F5500E2B635 /* Release */,
			);
			defaultConfigurationIsVisible = 0;
			defaultConfigurationName = Release;
		};
		8C925871156A1F5500E2B635 /* Build configuration list for PBXNativeTarget "BabbleSphere" */ = {
			isa = XCConfigurationList;
			buildConfigurations = (
				8C925872156A1F5500E2B635 /* Debug */,
				8C925873156A1F5500E2B635 /* Release */,
			);
			defaultConfigurationIsVisible = 0;
			defaultConfigurationName = Release;
		};
/* End XCConfigurationList section */
	};
	rootObject = 8C925850156A1F5400E2B635 /* Project object */;
}
